
Microsoft Visual Studio Solution File, Format Version 12.00
# Visual Studio 2012
Project("{FAE04EC0-301F-11D3-BF4B-00C04F79EFBC}") = "SymbolEditor", "SymbolEditor\SymbolEditor.csproj", "{F03883BA-26D9-47FC-87B8-E58B0E1FECE5}"
EndProject
Project("{FAE04EC0-301F-11D3-BF4B-00C04F79EFBC}") = "SymbolEditor.Web", "SymbolEditor.Web\SymbolEditor.Web.csproj", "{A6C176FD-B23A-4882-8C95-2B53DE4E752F}"
EndProject
Global
	GlobalSection(SolutionConfigurationPlatforms) = preSolution
		Debug|Any CPU = Debug|Any CPU
		Release|Any CPU = Release|Any CPU
	EndGlobalSection
	GlobalSection(ProjectConfigurationPlatforms) = postSolution
		{F03883BA-26D9-47FC-87B8-E58B0E1FECE5}.Debug|Any CPU.ActiveCfg = Debug|Any CPU
		{F03883BA-26D9-47FC-87B8-E58B0E1FECE5}.Debug|Any CPU.Build.0 = Debug|Any CPU
		{F03883BA-26D9-47FC-87B8-E58B0E1FECE5}.Release|Any CPU.ActiveCfg = Release|Any CPU
		{F03883BA-26D9-47FC-87B8-E58B0E1FECE5}.Release|Any CPU.Build.0 = Release|Any CPU
		{A6C176FD-B23A-4882-8C95-2B53DE4E752F}.Debug|Any CPU.ActiveCfg = Debug|Any CPU
		{A6C176FD-B23A-4882-8C95-2B53DE4E752F}.Debug|Any CPU.Build.0 = Debug|Any CPU
		{A6C176FD-B23A-4882-8C95-2B53DE4E752F}.Release|Any CPU.ActiveCfg = Release|Any CPU
		{A6C176FD-B23A-4882-8C95-2B53DE4E752F}.Release|Any CPU.Build.0 = Release|Any CPU
	EndGlobalSection
	GlobalSection(SolutionProperties) = preSolution
		HideSolutionNode = FALSE
	EndGlobalSection
EndGlobal
